
Microsoft Visual Studio Solution File, Format Version 12.00
# Visual Studio Version 16
VisualStudioVersion = 16.0.30717.126
MinimumVisualStudioVersion = 10.0.40219.1
Project("{A0786B88-2ADB-4C21-ABE8-AA2D79766269}") = "student", "student.phpproj", "{1906FF43-D9A1-45B4-913B-1BA7392540DE}"
EndProject
Global
	GlobalSection(SolutionConfigurationPlatforms) = preSolution
		Debug|Any CPU = Debug|Any CPU
		Release|Any CPU = Release|Any CPU
	EndGlobalSection
	GlobalSection(ProjectConfigurationPlatforms) = postSolution
		{1906FF43-D9A1-45B4-913B-1BA7392540DE}.Debug|Any CPU.ActiveCfg = Debug|Any CPU
		{1906FF43-D9A1-45B4-913B-1BA7392540DE}.Release|Any CPU.ActiveCfg = Release|Any CPU
	EndGlobalSection
	GlobalSection(SolutionProperties) = preSolution
		HideSolutionNode = FALSE
	EndGlobalSection
	GlobalSection(ExtensibilityGlobals) = postSolution
		SolutionGuid = {6EE2AE55-68E9-48CD-B31A-87747C3C96E9}
	EndGlobalSection
EndGlobal
